// !$*UTF8*$!
{
	archiveVersion = 1;
	classes = {
	};
	objectVersion = 48;
	objects = {

/* Begin PBXBuildFile section */
		0E2FDBF52035E90100E1DE39 /* RouteRespondable.swift in Sources */ = {isa = PBXBuildFile; fileRef = 0EFFC4BC2035E64C00BC168B /* RouteRespondable.swift */; };
		0E2FDBF62035E90300E1DE39 /* RouteController.swift in Sources */ = {isa = PBXBuildFile; fileRef = 0EFFC4BD2035E64C00BC168B /* RouteController.swift */; };
		0E2FDBF82035E90700E1DE39 /* RouteIdentifier.swift in Sources */ = {isa = PBXBuildFile; fileRef = 0EFFC4BE2035E64C00BC168B /* RouteIdentifier.swift */; };
		0E2FDBF92035E90A00E1DE39 /* Tests.swift in Sources */ = {isa = PBXBuildFile; fileRef = 0EFFC4C12035E67B00BC168B /* Tests.swift */; };
		0E2FDC222035E9C000E1DE39 /* RouteController+App.swift in Sources */ = {isa = PBXBuildFile; fileRef = 0E2FDC142035E9BE00E1DE39 /* RouteController+App.swift */; };
		0E2FDC232035E9C000E1DE39 /* UIApplicationShortcutItem+RouteConvertible.swift in Sources */ = {isa = PBXBuildFile; fileRef = 0E2FDC152035E9BF00E1DE39 /* UIApplicationShortcutItem+RouteConvertible.swift */; };
		0E2FDC242035E9C000E1DE39 /* Routable+App.swift in Sources */ = {isa = PBXBuildFile; fileRef = 0E2FDC162035E9BF00E1DE39 /* Routable+App.swift */; };
		0E2FDC252035E9C000E1DE39 /* URL+RouteConvertible.swift in Sources */ = {isa = PBXBuildFile; fileRef = 0E2FDC172035E9BF00E1DE39 /* URL+RouteConvertible.swift */; };
		0E2FDC262035E9C000E1DE39 /* LastViewController.swift in Sources */ = {isa = PBXBuildFile; fileRef = 0E2FDC182035E9BF00E1DE39 /* LastViewController.swift */; };
		0E2FDC272035E9C000E1DE39 /* LaunchScreen.xib in Resources */ = {isa = PBXBuildFile; fileRef = 0E2FDC192035E9BF00E1DE39 /* LaunchScreen.xib */; };
		0E2FDC292035E9C000E1DE39 /* ViewController.swift in Sources */ = {isa = PBXBuildFile; fileRef = 0E2FDC1B2035E9BF00E1DE39 /* ViewController.swift */; };
		0E2FDC2A2035E9C000E1DE39 /* Images.xcassets in Resources */ = {isa = PBXBuildFile; fileRef = 0E2FDC1C2035E9BF00E1DE39 /* Images.xcassets */; };
		0E2FDC2B2035E9C000E1DE39 /* Main.storyboard in Resources */ = {isa = PBXBuildFile; fileRef = 0E2FDC1D2035E9BF00E1DE39 /* Main.storyboard */; };
		0E2FDC2C2035E9C000E1DE39 /* NSUserActivity+RouteConvertible.swift in Sources */ = {isa = PBXBuildFile; fileRef = 0E2FDC1E2035E9BF00E1DE39 /* NSUserActivity+RouteConvertible.swift */; };
		0E2FDC2D2035E9C000E1DE39 /* AppDelegate.swift in Sources */ = {isa = PBXBuildFile; fileRef = 0E2FDC1F2035E9BF00E1DE39 /* AppDelegate.swift */; };
		0E2FDC2E2035E9C000E1DE39 /* OtherViewController.swift in Sources */ = {isa = PBXBuildFile; fileRef = 0E2FDC202035E9BF00E1DE39 /* OtherViewController.swift */; };
		0E2FDC2F2035E9C000E1DE39 /* UNNotificationResponse+RouteConvertible.swift in Sources */ = {isa = PBXBuildFile; fileRef = 0E2FDC212035E9BF00E1DE39 /* UNNotificationResponse+RouteConvertible.swift */; };
		0E2FDC302035E9DF00E1DE39 /* Scotty.framework in Frameworks */ = {isa = PBXBuildFile; fileRef = 0EFFC4C82035E7D500BC168B /* Scotty.framework */; };
		0E2FDC312035E9DF00E1DE39 /* Scotty.framework in Embed Frameworks */ = {isa = PBXBuildFile; fileRef = 0EFFC4C82035E7D500BC168B /* Scotty.framework */; settings = {ATTRIBUTES = (CodeSignOnCopy, RemoveHeadersOnCopy, ); }; };
		0EBC275920600E5000370431 /* Route.swift in Sources */ = {isa = PBXBuildFile; fileRef = 0EBC275820600E5000370431 /* Route.swift */; };
		0EFFC4D12035E7D500BC168B /* Scotty.framework in Frameworks */ = {isa = PBXBuildFile; fileRef = 0EFFC4C82035E7D500BC168B /* Scotty.framework */; };
		0EFFC4D82035E7D500BC168B /* Scotty.h in Headers */ = {isa = PBXBuildFile; fileRef = 0EFFC4CA2035E7D500BC168B /* Scotty.h */; settings = {ATTRIBUTES = (Public, ); }; };
		62F525712257FA6B0052B8E7 /* CHANGELOG.md in Resources */ = {isa = PBXBuildFile; fileRef = 62F525702257FA6B0052B8E7 /* CHANGELOG.md */; };
/* End PBXBuildFile section */

/* Begin PBXContainerItemProxy section */
		0E2FDC322035E9DF00E1DE39 /* PBXContainerItemProxy */ = {
			isa = PBXContainerItemProxy;
			containerPortal = 0EFFC4982035E60E00BC168B /* Project object */;
			proxyType = 1;
			remoteGlobalIDString = 0EFFC4C72035E7D500BC168B;
			remoteInfo = "Scotty-iOS";
		};
		0EFFC4D22035E7D500BC168B /* PBXContainerItemProxy */ = {
			isa = PBXContainerItemProxy;
			containerPortal = 0EFFC4982035E60E00BC168B /* Project object */;
			proxyType = 1;
			remoteGlobalIDString = 0EFFC4C72035E7D500BC168B;
			remoteInfo = "Scotty-iOS";
		};
/* End PBXContainerItemProxy section */

/* Begin PBXCopyFilesBuildPhase section */
		0E2FDC342035E9DF00E1DE39 /* Embed Frameworks */ = {
			isa = PBXCopyFilesBuildPhase;
			buildActionMask = 2147483647;
			dstPath = "";
			dstSubfolderSpec = 10;
			files = (
				0E2FDC312035E9DF00E1DE39 /* Scotty.framework in Embed Frameworks */,
			);
			name = "Embed Frameworks";
			runOnlyForDeploymentPostprocessing = 0;
		};
/* End PBXCopyFilesBuildPhase section */

/* Begin PBXFileReference section */
		0E2FDBFE2035E97F00E1DE39 /* Scotty-iOSExample.app */ = {isa = PBXFileReference; explicitFileType = wrapper.application; includeInIndex = 0; path = "Scotty-iOSExample.app"; sourceTree = BUILT_PRODUCTS_DIR; };
		0E2FDC142035E9BE00E1DE39 /* RouteController+App.swift */ = {isa = PBXFileReference; fileEncoding = 4; lastKnownFileType = sourcecode.swift; path = "RouteController+App.swift"; sourceTree = "<group>"; };
		0E2FDC152035E9BF00E1DE39 /* UIApplicationShortcutItem+RouteConvertible.swift */ = {isa = PBXFileReference; fileEncoding = 4; lastKnownFileType = sourcecode.swift; path = "UIApplicationShortcutItem+RouteConvertible.swift"; sourceTree = "<group>"; };
		0E2FDC162035E9BF00E1DE39 /* Routable+App.swift */ = {isa = PBXFileReference; fileEncoding = 4; lastKnownFileType = sourcecode.swift; path = "Routable+App.swift"; sourceTree = "<group>"; };
		0E2FDC172035E9BF00E1DE39 /* URL+RouteConvertible.swift */ = {isa = PBXFileReference; fileEncoding = 4; lastKnownFileType = sourcecode.swift; path = "URL+RouteConvertible.swift"; sourceTree = "<group>"; };
		0E2FDC182035E9BF00E1DE39 /* LastViewController.swift */ = {isa = PBXFileReference; fileEncoding = 4; lastKnownFileType = sourcecode.swift; path = LastViewController.swift; sourceTree = "<group>"; };
		0E2FDC192035E9BF00E1DE39 /* LaunchScreen.xib */ = {isa = PBXFileReference; fileEncoding = 4; lastKnownFileType = file.xib; path = LaunchScreen.xib; sourceTree = "<group>"; };
		0E2FDC1A2035E9BF00E1DE39 /* Info.plist */ = {isa = PBXFileReference; fileEncoding = 4; lastKnownFileType = text.plist.xml; path = Info.plist; sourceTree = "<group>"; };
		0E2FDC1B2035E9BF00E1DE39 /* ViewController.swift */ = {isa = PBXFileReference; fileEncoding = 4; lastKnownFileType = sourcecode.swift; path = ViewController.swift; sourceTree = "<group>"; };
		0E2FDC1C2035E9BF00E1DE39 /* Images.xcassets */ = {isa = PBXFileReference; lastKnownFileType = folder.assetcatalog; path = Images.xcassets; sourceTree = "<group>"; };
		0E2FDC1D2035E9BF00E1DE39 /* Main.storyboard */ = {isa = PBXFileReference; fileEncoding = 4; lastKnownFileType = file.storyboard; path = Main.storyboard; sourceTree = "<group>"; };
		0E2FDC1E2035E9BF00E1DE39 /* NSUserActivity+RouteConvertible.swift */ = {isa = PBXFileReference; fileEncoding = 4; lastKnownFileType = sourcecode.swift; path = "NSUserActivity+RouteConvertible.swift"; sourceTree = "<group>"; };
		0E2FDC1F2035E9BF00E1DE39 /* AppDelegate.swift */ = {isa = PBXFileReference; fileEncoding = 4; lastKnownFileType = sourcecode.swift; path = AppDelegate.swift; sourceTree = "<group>"; };
		0E2FDC202035E9BF00E1DE39 /* OtherViewController.swift */ = {isa = PBXFileReference; fileEncoding = 4; lastKnownFileType = sourcecode.swift; path = OtherViewController.swift; sourceTree = "<group>"; };
		0E2FDC212035E9BF00E1DE39 /* UNNotificationResponse+RouteConvertible.swift */ = {isa = PBXFileReference; fileEncoding = 4; lastKnownFileType = sourcecode.swift; path = "UNNotificationResponse+RouteConvertible.swift"; sourceTree = "<group>"; };
		0EBC275820600E5000370431 /* Route.swift */ = {isa = PBXFileReference; lastKnownFileType = sourcecode.swift; path = Route.swift; sourceTree = "<group>"; };
		0EFFC4B92035E63E00BC168B /* README.md */ = {isa = PBXFileReference; lastKnownFileType = net.daringfireball.markdown; path = README.md; sourceTree = "<group>"; };
		0EFFC4BC2035E64C00BC168B /* RouteRespondable.swift */ = {isa = PBXFileReference; lastKnownFileType = sourcecode.swift; path = RouteRespondable.swift; sourceTree = "<group>"; };
		0EFFC4BD2035E64C00BC168B /* RouteController.swift */ = {isa = PBXFileReference; lastKnownFileType = sourcecode.swift; path = RouteController.swift; sourceTree = "<group>"; };
		0EFFC4BE2035E64C00BC168B /* RouteIdentifier.swift */ = {isa = PBXFileReference; lastKnownFileType = sourcecode.swift; path = RouteIdentifier.swift; sourceTree = "<group>"; };
		0EFFC4C12035E67B00BC168B /* Tests.swift */ = {isa = PBXFileReference; lastKnownFileType = sourcecode.swift; path = Tests.swift; sourceTree = "<group>"; };
		0EFFC4C22035E68C00BC168B /* Info.plist */ = {isa = PBXFileReference; lastKnownFileType = text.plist.xml; path = Info.plist; sourceTree = "<group>"; };
		0EFFC4C82035E7D500BC168B /* Scotty.framework */ = {isa = PBXFileReference; explicitFileType = wrapper.framework; includeInIndex = 0; path = Scotty.framework; sourceTree = BUILT_PRODUCTS_DIR; };
		0EFFC4CA2035E7D500BC168B /* Scotty.h */ = {isa = PBXFileReference; lastKnownFileType = sourcecode.c.h; path = Scotty.h; sourceTree = "<group>"; };
		0EFFC4CB2035E7D500BC168B /* Info.plist */ = {isa = PBXFileReference; lastKnownFileType = text.plist.xml; path = Info.plist; sourceTree = "<group>"; };
		0EFFC4D02035E7D500BC168B /* Scotty-iOSTests.xctest */ = {isa = PBXFileReference; explicitFileType = wrapper.cfbundle; includeInIndex = 0; path = "Scotty-iOSTests.xctest"; sourceTree = BUILT_PRODUCTS_DIR; };
		62F525702257FA6B0052B8E7 /* CHANGELOG.md */ = {isa = PBXFileReference; fileEncoding = 4; lastKnownFileType = net.daringfireball.markdown; path = CHANGELOG.md; sourceTree = "<group>"; };
/* End PBXFileReference section */

/* Begin PBXFrameworksBuildPhase section */
		0E2FDBFB2035E97F00E1DE39 /* Frameworks */ = {
			isa = PBXFrameworksBuildPhase;
			buildActionMask = 2147483647;
			files = (
				0E2FDC302035E9DF00E1DE39 /* Scotty.framework in Frameworks */,
			);
			runOnlyForDeploymentPostprocessing = 0;
		};
		0EFFC4C42035E7D500BC168B /* Frameworks */ = {
			isa = PBXFrameworksBuildPhase;
			buildActionMask = 2147483647;
			files = (
			);
			runOnlyForDeploymentPostprocessing = 0;
		};
		0EFFC4CD2035E7D500BC168B /* Frameworks */ = {
			isa = PBXFrameworksBuildPhase;
			buildActionMask = 2147483647;
			files = (
				0EFFC4D12035E7D500BC168B /* Scotty.framework in Frameworks */,
			);
			runOnlyForDeploymentPostprocessing = 0;
		};
/* End PBXFrameworksBuildPhase section */

/* Begin PBXGroup section */
		0E2FDC122035E98800E1DE39 /* Examples */ = {
			isa = PBXGroup;
			children = (
				0E2FDC132035E9AB00E1DE39 /* Scotty-iOSExample */,
			);
			path = Examples;
			sourceTree = "<group>";
		};
		0E2FDC132035E9AB00E1DE39 /* Scotty-iOSExample */ = {
			isa = PBXGroup;
			children = (
				0E2FDC1F2035E9BF00E1DE39 /* AppDelegate.swift */,
				0E2FDC382035EA2E00E1DE39 /* Storyboards */,
				0E2FDC362035EA0B00E1DE39 /* View Controllers */,
				0E2FDC372035EA2100E1DE39 /* Routing */,
				0E2FDC352035E9FE00E1DE39 /* Supporting Files */,
			);
			path = "Scotty-iOSExample";
			sourceTree = "<group>";
		};
		0E2FDC352035E9FE00E1DE39 /* Supporting Files */ = {
			isa = PBXGroup;
			children = (
				0E2FDC1C2035E9BF00E1DE39 /* Images.xcassets */,
				0E2FDC1A2035E9BF00E1DE39 /* Info.plist */,
			);
			path = "Supporting Files";
			sourceTree = "<group>";
		};
		0E2FDC362035EA0B00E1DE39 /* View Controllers */ = {
			isa = PBXGroup;
			children = (
				0E2FDC1B2035E9BF00E1DE39 /* ViewController.swift */,
				0E2FDC202035E9BF00E1DE39 /* OtherViewController.swift */,
				0E2FDC182035E9BF00E1DE39 /* LastViewController.swift */,
			);
			path = "View Controllers";
			sourceTree = "<group>";
		};
		0E2FDC372035EA2100E1DE39 /* Routing */ = {
			isa = PBXGroup;
			children = (
				0E2FDC1E2035E9BF00E1DE39 /* NSUserActivity+RouteConvertible.swift */,
				0E2FDC162035E9BF00E1DE39 /* Routable+App.swift */,
				0E2FDC142035E9BE00E1DE39 /* RouteController+App.swift */,
				0E2FDC152035E9BF00E1DE39 /* UIApplicationShortcutItem+RouteConvertible.swift */,
				0E2FDC212035E9BF00E1DE39 /* UNNotificationResponse+RouteConvertible.swift */,
				0E2FDC172035E9BF00E1DE39 /* URL+RouteConvertible.swift */,
			);
			path = Routing;
			sourceTree = "<group>";
		};
		0E2FDC382035EA2E00E1DE39 /* Storyboards */ = {
			isa = PBXGroup;
			children = (
				0E2FDC192035E9BF00E1DE39 /* LaunchScreen.xib */,
				0E2FDC1D2035E9BF00E1DE39 /* Main.storyboard */,
			);
			path = Storyboards;
			sourceTree = "<group>";
		};
		0E84C2A42035F42A00E10E39 /* Scotty */ = {
			isa = PBXGroup;
			children = (
				0EFFC4BE2035E64C00BC168B /* RouteIdentifier.swift */,
				0EBC275820600E5000370431 /* Route.swift */,
				0EFFC4BC2035E64C00BC168B /* RouteRespondable.swift */,
				0EFFC4BD2035E64C00BC168B /* RouteController.swift */,
			);
			path = Scotty;
			sourceTree = "<group>";
		};
		0EFFC4972035E60E00BC168B = {
			isa = PBXGroup;
			children = (
				0EFFC4B92035E63E00BC168B /* README.md */,
				62F525702257FA6B0052B8E7 /* CHANGELOG.md */,
				0EFFC4B72035E62700BC168B /* Sources */,
				0EFFC4B82035E62E00BC168B /* Tests */,
				0E2FDC122035E98800E1DE39 /* Examples */,
				0EFFC4A12035E60E00BC168B /* Products */,
			);
			sourceTree = "<group>";
		};
		0EFFC4A12035E60E00BC168B /* Products */ = {
			isa = PBXGroup;
			children = (
				0EFFC4C82035E7D500BC168B /* Scotty.framework */,
				0EFFC4D02035E7D500BC168B /* Scotty-iOSTests.xctest */,
				0E2FDBFE2035E97F00E1DE39 /* Scotty-iOSExample.app */,
			);
			name = Products;
			sourceTree = "<group>";
		};
		0EFFC4B72035E62700BC168B /* Sources */ = {
			isa = PBXGroup;
			children = (
				0E84C2A42035F42A00E10E39 /* Scotty */,
				0EFFC4BF2035E65300BC168B /* Supporting Files */,
			);
			path = Sources;
			sourceTree = "<group>";
		};
		0EFFC4B82035E62E00BC168B /* Tests */ = {
			isa = PBXGroup;
			children = (
				0EFFC4C12035E67B00BC168B /* Tests.swift */,
				0EFFC4C02035E66700BC168B /* Supporting Files */,
			);
			path = Tests;
			sourceTree = "<group>";
		};
		0EFFC4BF2035E65300BC168B /* Supporting Files */ = {
			isa = PBXGroup;
			children = (
				0EFFC4CB2035E7D500BC168B /* Info.plist */,
				0EFFC4CA2035E7D500BC168B /* Scotty.h */,
			);
			path = "Supporting Files";
			sourceTree = "<group>";
		};
		0EFFC4C02035E66700BC168B /* Supporting Files */ = {
			isa = PBXGroup;
			children = (
				0EFFC4C22035E68C00BC168B /* Info.plist */,
			);
			path = "Supporting Files";
			sourceTree = "<group>";
		};
/* End PBXGroup section */

/* Begin PBXHeadersBuildPhase section */
		0EFFC4C52035E7D500BC168B /* Headers */ = {
			isa = PBXHeadersBuildPhase;
			buildActionMask = 2147483647;
			files = (
				0EFFC4D82035E7D500BC168B /* Scotty.h in Headers */,
			);
			runOnlyForDeploymentPostprocessing = 0;
		};
/* End PBXHeadersBuildPhase section */

/* Begin PBXNativeTarget section */
		0E2FDBFD2035E97F00E1DE39 /* Scotty-iOSExample */ = {
			isa = PBXNativeTarget;
			buildConfigurationList = 0E2FDC0F2035E97F00E1DE39 /* Build configuration list for PBXNativeTarget "Scotty-iOSExample" */;
			buildPhases = (
				0E2FDBFA2035E97F00E1DE39 /* Sources */,
				0E2FDBFB2035E97F00E1DE39 /* Frameworks */,
				0E2FDBFC2035E97F00E1DE39 /* Resources */,
				0E2FDC342035E9DF00E1DE39 /* Embed Frameworks */,
			);
			buildRules = (
			);
			dependencies = (
				0E2FDC332035E9DF00E1DE39 /* PBXTargetDependency */,
			);
			name = "Scotty-iOSExample";
			productName = "Scotty-iOSExample";
			productReference = 0E2FDBFE2035E97F00E1DE39 /* Scotty-iOSExample.app */;
			productType = "com.apple.product-type.application";
		};
		0EFFC4C72035E7D500BC168B /* Scotty-iOS */ = {
			isa = PBXNativeTarget;
			buildConfigurationList = 0EFFC4D92035E7D500BC168B /* Build configuration list for PBXNativeTarget "Scotty-iOS" */;
			buildPhases = (
				0EFFC4C32035E7D500BC168B /* Sources */,
				0EFFC4C42035E7D500BC168B /* Frameworks */,
				0EFFC4C52035E7D500BC168B /* Headers */,
				0EFFC4C62035E7D500BC168B /* Resources */,
				0E84C2A62035F6D000E10E39 /* SwiftLint */,
			);
			buildRules = (
			);
			dependencies = (
			);
			name = "Scotty-iOS";
			productName = "Scotty-iOS";
			productReference = 0EFFC4C82035E7D500BC168B /* Scotty.framework */;
			productType = "com.apple.product-type.framework";
		};
		0EFFC4CF2035E7D500BC168B /* Scotty-iOSTests */ = {
			isa = PBXNativeTarget;
			buildConfigurationList = 0EFFC4DC2035E7D500BC168B /* Build configuration list for PBXNativeTarget "Scotty-iOSTests" */;
			buildPhases = (
				0EFFC4CC2035E7D500BC168B /* Sources */,
				0EFFC4CD2035E7D500BC168B /* Frameworks */,
				0EFFC4CE2035E7D500BC168B /* Resources */,
			);
			buildRules = (
			);
			dependencies = (
				0EFFC4D32035E7D500BC168B /* PBXTargetDependency */,
			);
			name = "Scotty-iOSTests";
			productName = "Scotty-iOSTests";
			productReference = 0EFFC4D02035E7D500BC168B /* Scotty-iOSTests.xctest */;
			productType = "com.apple.product-type.bundle.unit-test";
		};
/* End PBXNativeTarget section */

/* Begin PBXProject section */
		0EFFC4982035E60E00BC168B /* Project object */ = {
			isa = PBXProject;
			attributes = {
				LastSwiftUpdateCheck = 0920;
				LastUpgradeCheck = 0930;
				ORGANIZATIONNAME = "Bottle Rocket Studios";
				TargetAttributes = {
					0E2FDBFD2035E97F00E1DE39 = {
						CreatedOnToolsVersion = 9.2;
						LastSwiftMigration = 1020;
						ProvisioningStyle = Automatic;
					};
					0EFFC4C72035E7D500BC168B = {
						CreatedOnToolsVersion = 9.2;
						LastSwiftMigration = 1020;
						ProvisioningStyle = Automatic;
					};
					0EFFC4CF2035E7D500BC168B = {
						CreatedOnToolsVersion = 9.2;
						LastSwiftMigration = 1020;
						ProvisioningStyle = Automatic;
					};
				};
			};
			buildConfigurationList = 0EFFC49B2035E60E00BC168B /* Build configuration list for PBXProject "Scotty" */;
			compatibilityVersion = "Xcode 8.0";
			developmentRegion = en;
			hasScannedForEncodings = 0;
			knownRegions = (
				en,
				Base,
			);
			mainGroup = 0EFFC4972035E60E00BC168B;
			productRefGroup = 0EFFC4A12035E60E00BC168B /* Products */;
			projectDirPath = "";
			projectRoot = "";
			targets = (
				0EFFC4C72035E7D500BC168B /* Scotty-iOS */,
				0EFFC4CF2035E7D500BC168B /* Scotty-iOSTests */,
				0E2FDBFD2035E97F00E1DE39 /* Scotty-iOSExample */,
			);
		};
/* End PBXProject section */

/* Begin PBXResourcesBuildPhase section */
		0E2FDBFC2035E97F00E1DE39 /* Resources */ = {
			isa = PBXResourcesBuildPhase;
			buildActionMask = 2147483647;
			files = (
				0E2FDC2A2035E9C000E1DE39 /* Images.xcassets in Resources */,
				0E2FDC272035E9C000E1DE39 /* LaunchScreen.xib in Resources */,
				0E2FDC2B2035E9C000E1DE39 /* Main.storyboard in Resources */,
			);
			runOnlyForDeploymentPostprocessing = 0;
		};
		0EFFC4C62035E7D500BC168B /* Resources */ = {
			isa = PBXResourcesBuildPhase;
			buildActionMask = 2147483647;
			files = (
				62F525712257FA6B0052B8E7 /* CHANGELOG.md in Resources */,
			);
			runOnlyForDeploymentPostprocessing = 0;
		};
		0EFFC4CE2035E7D500BC168B /* Resources */ = {
			isa = PBXResourcesBuildPhase;
			buildActionMask = 2147483647;
			files = (
			);
			runOnlyForDeploymentPostprocessing = 0;
		};
/* End PBXResourcesBuildPhase section */

/* Begin PBXShellScriptBuildPhase section */
		0E84C2A62035F6D000E10E39 /* SwiftLint */ = {
			isa = PBXShellScriptBuildPhase;
			buildActionMask = 2147483647;
			files = (
			);
			inputPaths = (
			);
			name = SwiftLint;
			outputPaths = (
			);
			runOnlyForDeploymentPostprocessing = 0;
			shellPath = /bin/sh;
			shellScript = "if which swiftlint >/dev/null; then\nswiftlint\nelse\necho \"warning: SwiftLint not installed, download from https://github.com/realm/SwiftLint\"\nfi";
		};
/* End PBXShellScriptBuildPhase section */

/* Begin PBXSourcesBuildPhase section */
		0E2FDBFA2035E97F00E1DE39 /* Sources */ = {
			isa = PBXSourcesBuildPhase;
			buildActionMask = 2147483647;
			files = (
				0E2FDC2D2035E9C000E1DE39 /* AppDelegate.swift in Sources */,
				0E2FDC2E2035E9C000E1DE39 /* OtherViewController.swift in Sources */,
				0E2FDC2F2035E9C000E1DE39 /* UNNotificationResponse+RouteConvertible.swift in Sources */,
				0E2FDC292035E9C000E1DE39 /* ViewController.swift in Sources */,
				0E2FDC222035E9C000E1DE39 /* RouteController+App.swift in Sources */,
				0E2FDC262035E9C000E1DE39 /* LastViewController.swift in Sources */,
				0E2FDC232035E9C000E1DE39 /* UIApplicationShortcutItem+RouteConvertible.swift in Sources */,
				0E2FDC242035E9C000E1DE39 /* Routable+App.swift in Sources */,
				0E2FDC252035E9C000E1DE39 /* URL+RouteConvertible.swift in Sources */,
				0E2FDC2C2035E9C000E1DE39 /* NSUserActivity+RouteConvertible.swift in Sources */,
			);
			runOnlyForDeploymentPostprocessing = 0;
		};
		0EFFC4C32035E7D500BC168B /* Sources */ = {
			isa = PBXSourcesBuildPhase;
			buildActionMask = 2147483647;
			files = (
				0E2FDBF62035E90300E1DE39 /* RouteController.swift in Sources */,
				0EBC275920600E5000370431 /* Route.swift in Sources */,
				0E2FDBF52035E90100E1DE39 /* RouteRespondable.swift in Sources */,
				0E2FDBF82035E90700E1DE39 /* RouteIdentifier.swift in Sources */,
			);
			runOnlyForDeploymentPostprocessing = 0;
		};
		0EFFC4CC2035E7D500BC168B /* Sources */ = {
			isa = PBXSourcesBuildPhase;
			buildActionMask = 2147483647;
			files = (
				0E2FDBF92035E90A00E1DE39 /* Tests.swift in Sources */,
			);
			runOnlyForDeploymentPostprocessing = 0;
		};
/* End PBXSourcesBuildPhase section */

/* Begin PBXTargetDependency section */
		0E2FDC332035E9DF00E1DE39 /* PBXTargetDependency */ = {
			isa = PBXTargetDependency;
			target = 0EFFC4C72035E7D500BC168B /* Scotty-iOS */;
			targetProxy = 0E2FDC322035E9DF00E1DE39 /* PBXContainerItemProxy */;
		};
		0EFFC4D32035E7D500BC168B /* PBXTargetDependency */ = {
			isa = PBXTargetDependency;
			target = 0EFFC4C72035E7D500BC168B /* Scotty-iOS */;
			targetProxy = 0EFFC4D22035E7D500BC168B /* PBXContainerItemProxy */;
		};
/* End PBXTargetDependency section */

/* Begin XCBuildConfiguration section */
		0E2FDC102035E97F00E1DE39 /* Debug */ = {
			isa = XCBuildConfiguration;
			buildSettings = {
				ALWAYS_EMBED_SWIFT_STANDARD_LIBRARIES = YES;
				ASSETCATALOG_COMPILER_APPICON_NAME = AppIcon;
				CLANG_ENABLE_MODULES = YES;
				CODE_SIGN_STYLE = Automatic;
				INFOPLIST_FILE = "$(SRCROOT)/Examples/Scotty-iOSExample/Supporting Files/Info.plist";
				IPHONEOS_DEPLOYMENT_TARGET = 9.0;
				LD_RUNPATH_SEARCH_PATHS = "$(inherited) @executable_path/Frameworks";
				PRODUCT_BUNDLE_IDENTIFIER = "com.bottlerocketstudios.Scotty-iOSExample";
				PRODUCT_NAME = "$(TARGET_NAME)";
				SWIFT_OPTIMIZATION_LEVEL = "-Onone";
				SWIFT_VERSION = 5.0;
				TARGETED_DEVICE_FAMILY = "1,2";
			};
			name = Debug;
		};
		0E2FDC112035E97F00E1DE39 /* Release */ = {
			isa = XCBuildConfiguration;
			buildSettings = {
				ALWAYS_EMBED_SWIFT_STANDARD_LIBRARIES = YES;
				ASSETCATALOG_COMPILER_APPICON_NAME = AppIcon;
				CLANG_ENABLE_MODULES = YES;
				CODE_SIGN_STYLE = Automatic;
				INFOPLIST_FILE = "$(SRCROOT)/Examples/Scotty-iOSExample/Supporting Files/Info.plist";
				IPHONEOS_DEPLOYMENT_TARGET = 9.0;
				LD_RUNPATH_SEARCH_PATHS = "$(inherited) @executable_path/Frameworks";
				PRODUCT_BUNDLE_IDENTIFIER = "com.bottlerocketstudios.Scotty-iOSExample";
				PRODUCT_NAME = "$(TARGET_NAME)";
				SWIFT_VERSION = 5.0;
				TARGETED_DEVICE_FAMILY = "1,2";
			};
			name = Release;
		};
		0EFFC4B22035E60F00BC168B /* Debug */ = {
			isa = XCBuildConfiguration;
			buildSettings = {
				ALWAYS_SEARCH_USER_PATHS = NO;
				CLANG_ANALYZER_NONNULL = YES;
				CLANG_ANALYZER_NUMBER_OBJECT_CONVERSION = YES_AGGRESSIVE;
				CLANG_CXX_LANGUAGE_STANDARD = "gnu++14";
				CLANG_CXX_LIBRARY = "libc++";
				CLANG_ENABLE_MODULES = YES;
				CLANG_ENABLE_OBJC_ARC = YES;
				CLANG_WARN_BLOCK_CAPTURE_AUTORELEASING = YES;
				CLANG_WARN_BOOL_CONVERSION = YES;
				CLANG_WARN_COMMA = YES;
				CLANG_WARN_CONSTANT_CONVERSION = YES;
				CLANG_WARN_DEPRECATED_OBJC_IMPLEMENTATIONS = YES;
				CLANG_WARN_DIRECT_OBJC_ISA_USAGE = YES_ERROR;
				CLANG_WARN_DOCUMENTATION_COMMENTS = YES;
				CLANG_WARN_EMPTY_BODY = YES;
				CLANG_WARN_ENUM_CONVERSION = YES;
				CLANG_WARN_INFINITE_RECURSION = YES;
				CLANG_WARN_INT_CONVERSION = YES;
				CLANG_WARN_NON_LITERAL_NULL_CONVERSION = YES;
				CLANG_WARN_OBJC_IMPLICIT_RETAIN_SELF = YES;
				CLANG_WARN_OBJC_LITERAL_CONVERSION = YES;
				CLANG_WARN_OBJC_ROOT_CLASS = YES_ERROR;
				CLANG_WARN_RANGE_LOOP_ANALYSIS = YES;
				CLANG_WARN_STRICT_PROTOTYPES = YES;
				CLANG_WARN_SUSPICIOUS_MOVE = YES;
				CLANG_WARN_UNGUARDED_AVAILABILITY = YES_AGGRESSIVE;
				CLANG_WARN_UNREACHABLE_CODE = YES;
				CLANG_WARN__DUPLICATE_METHOD_MATCH = YES;
				CODE_SIGN_IDENTITY = "iPhone Developer";
				COPY_PHASE_STRIP = NO;
				DEBUG_INFORMATION_FORMAT = dwarf;
				ENABLE_STRICT_OBJC_MSGSEND = YES;
				ENABLE_TESTABILITY = YES;
				GCC_C_LANGUAGE_STANDARD = gnu11;
				GCC_DYNAMIC_NO_PIC = NO;
				GCC_NO_COMMON_BLOCKS = YES;
				GCC_OPTIMIZATION_LEVEL = 0;
				GCC_PREPROCESSOR_DEFINITIONS = (
					"DEBUG=1",
					"$(inherited)",
				);
				GCC_WARN_64_TO_32_BIT_CONVERSION = YES;
				GCC_WARN_ABOUT_RETURN_TYPE = YES_ERROR;
				GCC_WARN_UNDECLARED_SELECTOR = YES;
				GCC_WARN_UNINITIALIZED_AUTOS = YES_AGGRESSIVE;
				GCC_WARN_UNUSED_FUNCTION = YES;
				GCC_WARN_UNUSED_VARIABLE = YES;
				IPHONEOS_DEPLOYMENT_TARGET = 11.2;
				MTL_ENABLE_DEBUG_INFO = YES;
				ONLY_ACTIVE_ARCH = YES;
				SDKROOT = iphoneos;
				SWIFT_ACTIVE_COMPILATION_CONDITIONS = DEBUG;
				SWIFT_OPTIMIZATION_LEVEL = "-Onone";
				SWIFT_VERSION = 5.0;
				VERSION = 2.1.0;
			};
			name = Debug;
		};
		0EFFC4B32035E60F00BC168B /* Release */ = {
			isa = XCBuildConfiguration;
			buildSettings = {
				ALWAYS_SEARCH_USER_PATHS = NO;
				CLANG_ANALYZER_NONNULL = YES;
				CLANG_ANALYZER_NUMBER_OBJECT_CONVERSION = YES_AGGRESSIVE;
				CLANG_CXX_LANGUAGE_STANDARD = "gnu++14";
				CLANG_CXX_LIBRARY = "libc++";
				CLANG_ENABLE_MODULES = YES;
				CLANG_ENABLE_OBJC_ARC = YES;
				CLANG_WARN_BLOCK_CAPTURE_AUTORELEASING = YES;
				CLANG_WARN_BOOL_CONVERSION = YES;
				CLANG_WARN_COMMA = YES;
				CLANG_WARN_CONSTANT_CONVERSION = YES;
				CLANG_WARN_DEPRECATED_OBJC_IMPLEMENTATIONS = YES;
				CLANG_WARN_DIRECT_OBJC_ISA_USAGE = YES_ERROR;
				CLANG_WARN_DOCUMENTATION_COMMENTS = YES;
				CLANG_WARN_EMPTY_BODY = YES;
				CLANG_WARN_ENUM_CONVERSION = YES;
				CLANG_WARN_INFINITE_RECURSION = YES;
				CLANG_WARN_INT_CONVERSION = YES;
				CLANG_WARN_NON_LITERAL_NULL_CONVERSION = YES;
				CLANG_WARN_OBJC_IMPLICIT_RETAIN_SELF = YES;
				CLANG_WARN_OBJC_LITERAL_CONVERSION = YES;
				CLANG_WARN_OBJC_ROOT_CLASS = YES_ERROR;
				CLANG_WARN_RANGE_LOOP_ANALYSIS = YES;
				CLANG_WARN_STRICT_PROTOTYPES = YES;
				CLANG_WARN_SUSPICIOUS_MOVE = YES;
				CLANG_WARN_UNGUARDED_AVAILABILITY = YES_AGGRESSIVE;
				CLANG_WARN_UNREACHABLE_CODE = YES;
				CLANG_WARN__DUPLICATE_METHOD_MATCH = YES;
				CODE_SIGN_IDENTITY = "iPhone Developer";
				COPY_PHASE_STRIP = NO;
				DEBUG_INFORMATION_FORMAT = "dwarf-with-dsym";
				ENABLE_NS_ASSERTIONS = NO;
				ENABLE_STRICT_OBJC_MSGSEND = YES;
				GCC_C_LANGUAGE_STANDARD = gnu11;
				GCC_NO_COMMON_BLOCKS = YES;
				GCC_WARN_64_TO_32_BIT_CONVERSION = YES;
				GCC_WARN_ABOUT_RETURN_TYPE = YES_ERROR;
				GCC_WARN_UNDECLARED_SELECTOR = YES;
				GCC_WARN_UNINITIALIZED_AUTOS = YES_AGGRESSIVE;
				GCC_WARN_UNUSED_FUNCTION = YES;
				GCC_WARN_UNUSED_VARIABLE = YES;
				IPHONEOS_DEPLOYMENT_TARGET = 11.2;
				MTL_ENABLE_DEBUG_INFO = NO;
				SDKROOT = iphoneos;
				SWIFT_OPTIMIZATION_LEVEL = "-Owholemodule";
				SWIFT_VERSION = 5.0;
				VALIDATE_PRODUCT = YES;
				VERSION = 2.1.0;
			};
			name = Release;
		};
		0EFFC4DA2035E7D500BC168B /* Debug */ = {
			isa = XCBuildConfiguration;
			buildSettings = {
				APPLICATION_EXTENSION_API_ONLY = YES;
				CODE_SIGN_IDENTITY = "";
				CODE_SIGN_STYLE = Automatic;
				CURRENT_PROJECT_VERSION = 1;
				DEFINES_MODULE = YES;
				DYLIB_COMPATIBILITY_VERSION = 1;
				DYLIB_CURRENT_VERSION = 1;
				DYLIB_INSTALL_NAME_BASE = "@rpath";
				INFOPLIST_FILE = "Sources/Supporting Files/Info.plist";
				INSTALL_PATH = "$(LOCAL_LIBRARY_DIR)/Frameworks";
				IPHONEOS_DEPLOYMENT_TARGET = 9.0;
				LD_RUNPATH_SEARCH_PATHS = "$(inherited) @executable_path/Frameworks @loader_path/Frameworks";
				PRODUCT_BUNDLE_IDENTIFIER = "com.bottlerocketstudios.Scotty-iOS";
				PRODUCT_NAME = Scotty;
				SKIP_INSTALL = YES;
				SWIFT_VERSION = 5.0;
				TARGETED_DEVICE_FAMILY = "1,2";
				VERSIONING_SYSTEM = "apple-generic";
				VERSION_INFO_PREFIX = "";
			};
			name = Debug;
		};
		0EFFC4DB2035E7D500BC168B /* Release */ = {
			isa = XCBuildConfiguration;
			buildSettings = {
				APPLICATION_EXTENSION_API_ONLY = YES;
				CODE_SIGN_IDENTITY = "";
				CODE_SIGN_STYLE = Automatic;
				CURRENT_PROJECT_VERSION = 1;
				DEFINES_MODULE = YES;
				DYLIB_COMPATIBILITY_VERSION = 1;
				DYLIB_CURRENT_VERSION = 1;
				DYLIB_INSTALL_NAME_BASE = "@rpath";
				INFOPLIST_FILE = "Sources/Supporting Files/Info.plist";
				INSTALL_PATH = "$(LOCAL_LIBRARY_DIR)/Frameworks";
				IPHONEOS_DEPLOYMENT_TARGET = 9.0;
				LD_RUNPATH_SEARCH_PATHS = "$(inherited) @executable_path/Frameworks @loader_path/Frameworks";
				PRODUCT_BUNDLE_IDENTIFIER = "com.bottlerocketstudios.Scotty-iOS";
				PRODUCT_NAME = Scotty;
				SKIP_INSTALL = YES;
				SWIFT_VERSION = 5.0;
				TARGETED_DEVICE_FAMILY = "1,2";
				VERSIONING_SYSTEM = "apple-generic";
				VERSION_INFO_PREFIX = "";
			};
			name = Release;
		};
		0EFFC4DD2035E7D500BC168B /* Debug */ = {
			isa = XCBuildConfiguration;
			buildSettings = {
				ALWAYS_EMBED_SWIFT_STANDARD_LIBRARIES = YES;
				CODE_SIGN_STYLE = Automatic;
				INFOPLIST_FILE = "Tests/Supporting Files/Info.plist";
				LD_RUNPATH_SEARCH_PATHS = "$(inherited) @executable_path/Frameworks @loader_path/Frameworks";
				PRODUCT_BUNDLE_IDENTIFIER = "com.bottlerocketstudios.Scotty-iOSTests";
				PRODUCT_NAME = "$(TARGET_NAME)";
				SWIFT_VERSION = 5.0;
				TARGETED_DEVICE_FAMILY = "1,2";
			};
			name = Debug;
		};
		0EFFC4DE2035E7D500BC168B /* Release */ = {
			isa = XCBuildConfiguration;
			buildSettings = {
				ALWAYS_EMBED_SWIFT_STANDARD_LIBRARIES = YES;
				CODE_SIGN_STYLE = Automatic;
				INFOPLIST_FILE = "Tests/Supporting Files/Info.plist";
				LD_RUNPATH_SEARCH_PATHS = "$(inherited) @executable_path/Frameworks @loader_path/Frameworks";
				PRODUCT_BUNDLE_IDENTIFIER = "com.bottlerocketstudios.Scotty-iOSTests";
				PRODUCT_NAME = "$(TARGET_NAME)";
				SWIFT_VERSION = 5.0;
				TARGETED_DEVICE_FAMILY = "1,2";
			};
			name = Release;
		};
/* End XCBuildConfiguration section */

/* Begin XCConfigurationList section */
		0E2FDC0F2035E97F00E1DE39 /* Build configuration list for PBXNativeTarget "Scotty-iOSExample" */ = {
			isa = XCConfigurationList;
			buildConfigurations = (
				0E2FDC102035E97F00E1DE39 /* Debug */,
				0E2FDC112035E97F00E1DE39 /* Release */,
			);
			defaultConfigurationIsVisible = 0;
			defaultConfigurationName = Release;
		};
		0EFFC49B2035E60E00BC168B /* Build configuration list for PBXProject "Scotty" */ = {
			isa = XCConfigurationList;
			buildConfigurations = (
				0EFFC4B22035E60F00BC168B /* Debug */,
				0EFFC4B32035E60F00BC168B /* Release */,
			);
			defaultConfigurationIsVisible = 0;
			defaultConfigurationName = Release;
		};
		0EFFC4D92035E7D500BC168B /* Build configuration list for PBXNativeTarget "Scotty-iOS" */ = {
			isa = XCConfigurationList;
			buildConfigurations = (
				0EFFC4DA2035E7D500BC168B /* Debug */,
				0EFFC4DB2035E7D500BC168B /* Release */,
			);
			defaultConfigurationIsVisible = 0;
			defaultConfigurationName = Release;
		};
		0EFFC4DC2035E7D500BC168B /* Build configuration list for PBXNativeTarget "Scotty-iOSTests" */ = {
			isa = XCConfigurationList;
			buildConfigurations = (
				0EFFC4DD2035E7D500BC168B /* Debug */,
				0EFFC4DE2035E7D500BC168B /* Release */,
			);
			defaultConfigurationIsVisible = 0;
			defaultConfigurationName = Release;
		};
/* End XCConfigurationList section */
	};
	rootObject = 0EFFC4982035E60E00BC168B /* Project object */;
}
