// !$*UTF8*$!
{
	archiveVersion = 1;
	classes = {
	};
	objectVersion = 46;
	objects = {

/* Begin PBXBuildFile section */
		0EF354E21F4C9EFE0072B868 /* AppDelegate.swift in Sources */ = {isa = PBXBuildFile; fileRef = 0EF354E11F4C9EFE0072B868 /* AppDelegate.swift */; };
		0EF354E91F4C9F0F0072B868 /* LastViewController.swift in Sources */ = {isa = PBXBuildFile; fileRef = 0EF354E31F4C9F0F0072B868 /* LastViewController.swift */; };
		0EF354EA1F4C9F0F0072B868 /* Main.storyboard in Resources */ = {isa = PBXBuildFile; fileRef = 0EF354E41F4C9F0F0072B868 /* Main.storyboard */; };
		0EF354EB1F4C9F0F0072B868 /* NSUserActivity+RouteConvertible.swift in Sources */ = {isa = PBXBuildFile; fileRef = 0EF354E51F4C9F0F0072B868 /* NSUserActivity+RouteConvertible.swift */; };
		0EF354EC1F4C9F0F0072B868 /* OtherViewController.swift in Sources */ = {isa = PBXBuildFile; fileRef = 0EF354E61F4C9F0F0072B868 /* OtherViewController.swift */; };
		0EF354ED1F4C9F0F0072B868 /* Routable+App.swift in Sources */ = {isa = PBXBuildFile; fileRef = 0EF354E71F4C9F0F0072B868 /* Routable+App.swift */; };
		0EF354EE1F4C9F0F0072B868 /* RouteController+App.swift in Sources */ = {isa = PBXBuildFile; fileRef = 0EF354E81F4C9F0F0072B868 /* RouteController+App.swift */; };
		0EF354F31F4C9F170072B868 /* UIApplicationShortcutItem+RouteConvertible.swift in Sources */ = {isa = PBXBuildFile; fileRef = 0EF354EF1F4C9F170072B868 /* UIApplicationShortcutItem+RouteConvertible.swift */; };
		0EF354F41F4C9F170072B868 /* UNNotificationResponse+RouteConvertible.swift in Sources */ = {isa = PBXBuildFile; fileRef = 0EF354F01F4C9F170072B868 /* UNNotificationResponse+RouteConvertible.swift */; };
		0EF354F51F4C9F170072B868 /* URL+RouteConvertible.swift in Sources */ = {isa = PBXBuildFile; fileRef = 0EF354F11F4C9F170072B868 /* URL+RouteConvertible.swift */; };
		0EF354F61F4C9F170072B868 /* ViewController.swift in Sources */ = {isa = PBXBuildFile; fileRef = 0EF354F21F4C9F170072B868 /* ViewController.swift */; };
		0EF354F81F4C9F250072B868 /* Images.xcassets in Resources */ = {isa = PBXBuildFile; fileRef = 0EF354F71F4C9F250072B868 /* Images.xcassets */; };
		0EF354FF1F4C9FD20072B868 /* LaunchScreen.xib in Resources */ = {isa = PBXBuildFile; fileRef = 0EF354FE1F4C9FD20072B868 /* LaunchScreen.xib */; };
		607FACEC1AFB9204008FA782 /* Tests.swift in Sources */ = {isa = PBXBuildFile; fileRef = 607FACEB1AFB9204008FA782 /* Tests.swift */; };
		7C6DB2B5C55FEFC699222029 /* Pods_Scotty_Example.framework in Frameworks */ = {isa = PBXBuildFile; fileRef = B2850D9E8CB2CAFB25081BB5 /* Pods_Scotty_Example.framework */; };
		D872042FACEEFCB5289AE321 /* Pods_Scotty_Tests.framework in Frameworks */ = {isa = PBXBuildFile; fileRef = AA1C0D2925F485F3EA1406CB /* Pods_Scotty_Tests.framework */; };
/* End PBXBuildFile section */

/* Begin PBXContainerItemProxy section */
		607FACE61AFB9204008FA782 /* PBXContainerItemProxy */ = {
			isa = PBXContainerItemProxy;
			containerPortal = 607FACC81AFB9204008FA782 /* Project object */;
			proxyType = 1;
			remoteGlobalIDString = 607FACCF1AFB9204008FA782;
			remoteInfo = Scotty;
		};
/* End PBXContainerItemProxy section */

/* Begin PBXFileReference section */
		0EF354E11F4C9EFE0072B868 /* AppDelegate.swift */ = {isa = PBXFileReference; fileEncoding = 4; lastKnownFileType = sourcecode.swift; path = AppDelegate.swift; sourceTree = "<group>"; };
		0EF354E31F4C9F0F0072B868 /* LastViewController.swift */ = {isa = PBXFileReference; fileEncoding = 4; lastKnownFileType = sourcecode.swift; path = LastViewController.swift; sourceTree = "<group>"; };
		0EF354E41F4C9F0F0072B868 /* Main.storyboard */ = {isa = PBXFileReference; fileEncoding = 4; lastKnownFileType = file.storyboard; path = Main.storyboard; sourceTree = "<group>"; };
		0EF354E51F4C9F0F0072B868 /* NSUserActivity+RouteConvertible.swift */ = {isa = PBXFileReference; fileEncoding = 4; lastKnownFileType = sourcecode.swift; path = "NSUserActivity+RouteConvertible.swift"; sourceTree = "<group>"; };
		0EF354E61F4C9F0F0072B868 /* OtherViewController.swift */ = {isa = PBXFileReference; fileEncoding = 4; lastKnownFileType = sourcecode.swift; path = OtherViewController.swift; sourceTree = "<group>"; };
		0EF354E71F4C9F0F0072B868 /* Routable+App.swift */ = {isa = PBXFileReference; fileEncoding = 4; lastKnownFileType = sourcecode.swift; path = "Routable+App.swift"; sourceTree = "<group>"; };
		0EF354E81F4C9F0F0072B868 /* RouteController+App.swift */ = {isa = PBXFileReference; fileEncoding = 4; lastKnownFileType = sourcecode.swift; path = "RouteController+App.swift"; sourceTree = "<group>"; };
		0EF354EF1F4C9F170072B868 /* UIApplicationShortcutItem+RouteConvertible.swift */ = {isa = PBXFileReference; fileEncoding = 4; lastKnownFileType = sourcecode.swift; path = "UIApplicationShortcutItem+RouteConvertible.swift"; sourceTree = "<group>"; };
		0EF354F01F4C9F170072B868 /* UNNotificationResponse+RouteConvertible.swift */ = {isa = PBXFileReference; fileEncoding = 4; lastKnownFileType = sourcecode.swift; path = "UNNotificationResponse+RouteConvertible.swift"; sourceTree = "<group>"; };
		0EF354F11F4C9F170072B868 /* URL+RouteConvertible.swift */ = {isa = PBXFileReference; fileEncoding = 4; lastKnownFileType = sourcecode.swift; path = "URL+RouteConvertible.swift"; sourceTree = "<group>"; };
		0EF354F21F4C9F170072B868 /* ViewController.swift */ = {isa = PBXFileReference; fileEncoding = 4; lastKnownFileType = sourcecode.swift; path = ViewController.swift; sourceTree = "<group>"; };
		0EF354F71F4C9F250072B868 /* Images.xcassets */ = {isa = PBXFileReference; lastKnownFileType = folder.assetcatalog; path = Images.xcassets; sourceTree = "<group>"; };
		0EF354FE1F4C9FD20072B868 /* LaunchScreen.xib */ = {isa = PBXFileReference; fileEncoding = 4; lastKnownFileType = file.xib; path = LaunchScreen.xib; sourceTree = "<group>"; };
		607FACD01AFB9204008FA782 /* Scotty_Example.app */ = {isa = PBXFileReference; explicitFileType = wrapper.application; includeInIndex = 0; path = Scotty_Example.app; sourceTree = BUILT_PRODUCTS_DIR; };
		607FACD41AFB9204008FA782 /* Info.plist */ = {isa = PBXFileReference; lastKnownFileType = text.plist.xml; path = Info.plist; sourceTree = "<group>"; };
		607FACE51AFB9204008FA782 /* Scotty_Tests.xctest */ = {isa = PBXFileReference; explicitFileType = wrapper.cfbundle; includeInIndex = 0; path = Scotty_Tests.xctest; sourceTree = BUILT_PRODUCTS_DIR; };
		607FACEA1AFB9204008FA782 /* Info.plist */ = {isa = PBXFileReference; lastKnownFileType = text.plist.xml; path = Info.plist; sourceTree = "<group>"; };
		607FACEB1AFB9204008FA782 /* Tests.swift */ = {isa = PBXFileReference; lastKnownFileType = sourcecode.swift; path = Tests.swift; sourceTree = "<group>"; };
		7F4F3DA5B45D889F747B4D9E /* LICENSE */ = {isa = PBXFileReference; includeInIndex = 1; lastKnownFileType = text; name = LICENSE; path = ../LICENSE; sourceTree = "<group>"; };
		A2D55D45A032F8BD0D9516A0 /* Pods-Scotty_Example.debug.xcconfig */ = {isa = PBXFileReference; includeInIndex = 1; lastKnownFileType = text.xcconfig; name = "Pods-Scotty_Example.debug.xcconfig"; path = "Pods/Target Support Files/Pods-Scotty_Example/Pods-Scotty_Example.debug.xcconfig"; sourceTree = "<group>"; };
		AA1C0D2925F485F3EA1406CB /* Pods_Scotty_Tests.framework */ = {isa = PBXFileReference; explicitFileType = wrapper.framework; includeInIndex = 0; path = Pods_Scotty_Tests.framework; sourceTree = BUILT_PRODUCTS_DIR; };
		B2850D9E8CB2CAFB25081BB5 /* Pods_Scotty_Example.framework */ = {isa = PBXFileReference; explicitFileType = wrapper.framework; includeInIndex = 0; path = Pods_Scotty_Example.framework; sourceTree = BUILT_PRODUCTS_DIR; };
		C565358D5CEBAFFD91AA9A52 /* Pods-Scotty_Tests.release.xcconfig */ = {isa = PBXFileReference; includeInIndex = 1; lastKnownFileType = text.xcconfig; name = "Pods-Scotty_Tests.release.xcconfig"; path = "Pods/Target Support Files/Pods-Scotty_Tests/Pods-Scotty_Tests.release.xcconfig"; sourceTree = "<group>"; };
		C6FBE995C4F3326C21A1BCF6 /* Pods-Scotty_Tests.debug.xcconfig */ = {isa = PBXFileReference; includeInIndex = 1; lastKnownFileType = text.xcconfig; name = "Pods-Scotty_Tests.debug.xcconfig"; path = "Pods/Target Support Files/Pods-Scotty_Tests/Pods-Scotty_Tests.debug.xcconfig"; sourceTree = "<group>"; };
		CE524E24527D90DF5C0202AC /* Scotty.podspec */ = {isa = PBXFileReference; includeInIndex = 1; lastKnownFileType = text; name = Scotty.podspec; path = ../Scotty.podspec; sourceTree = "<group>"; };
		D0FDC77671587291B479E92A /* README.md */ = {isa = PBXFileReference; includeInIndex = 1; lastKnownFileType = net.daringfireball.markdown; name = README.md; path = ../README.md; sourceTree = "<group>"; };
		D879E64D288905215C015639 /* Pods-Scotty_Example.release.xcconfig */ = {isa = PBXFileReference; includeInIndex = 1; lastKnownFileType = text.xcconfig; name = "Pods-Scotty_Example.release.xcconfig"; path = "Pods/Target Support Files/Pods-Scotty_Example/Pods-Scotty_Example.release.xcconfig"; sourceTree = "<group>"; };
/* End PBXFileReference section */

/* Begin PBXFrameworksBuildPhase section */
		607FACCD1AFB9204008FA782 /* Frameworks */ = {
			isa = PBXFrameworksBuildPhase;
			buildActionMask = 2147483647;
			files = (
				7C6DB2B5C55FEFC699222029 /* Pods_Scotty_Example.framework in Frameworks */,
			);
			runOnlyForDeploymentPostprocessing = 0;
		};
		607FACE21AFB9204008FA782 /* Frameworks */ = {
			isa = PBXFrameworksBuildPhase;
			buildActionMask = 2147483647;
			files = (
				D872042FACEEFCB5289AE321 /* Pods_Scotty_Tests.framework in Frameworks */,
			);
			runOnlyForDeploymentPostprocessing = 0;
		};
/* End PBXFrameworksBuildPhase section */

/* Begin PBXGroup section */
		0EF355001F4C9FE00072B868 /* Storyboards */ = {
			isa = PBXGroup;
			children = (
				0EF354E41F4C9F0F0072B868 /* Main.storyboard */,
				0EF354FE1F4C9FD20072B868 /* LaunchScreen.xib */,
			);
			name = Storyboards;
			sourceTree = "<group>";
		};
		0EF355011F4C9FE80072B868 /* View Controllers */ = {
			isa = PBXGroup;
			children = (
				0EF354F21F4C9F170072B868 /* ViewController.swift */,
				0EF354E61F4C9F0F0072B868 /* OtherViewController.swift */,
				0EF354E31F4C9F0F0072B868 /* LastViewController.swift */,
			);
			name = "View Controllers";
			sourceTree = "<group>";
		};
		0EF355021F4C9FF90072B868 /* Routing */ = {
			isa = PBXGroup;
			children = (
				0EF355031F4CA00A0072B868 /* Conversion */,
				0EF354E81F4C9F0F0072B868 /* RouteController+App.swift */,
				0EF354E71F4C9F0F0072B868 /* Routable+App.swift */,
			);
			name = Routing;
			sourceTree = "<group>";
		};
		0EF355031F4CA00A0072B868 /* Conversion */ = {
			isa = PBXGroup;
			children = (
				0EF354E51F4C9F0F0072B868 /* NSUserActivity+RouteConvertible.swift */,
				0EF354EF1F4C9F170072B868 /* UIApplicationShortcutItem+RouteConvertible.swift */,
				0EF354F01F4C9F170072B868 /* UNNotificationResponse+RouteConvertible.swift */,
				0EF354F11F4C9F170072B868 /* URL+RouteConvertible.swift */,
			);
			name = Conversion;
			sourceTree = "<group>";
		};
		1DA89A14EAB5EB9DEE167A4B /* Frameworks */ = {
			isa = PBXGroup;
			children = (
				B2850D9E8CB2CAFB25081BB5 /* Pods_Scotty_Example.framework */,
				AA1C0D2925F485F3EA1406CB /* Pods_Scotty_Tests.framework */,
			);
			name = Frameworks;
			sourceTree = "<group>";
		};
		607FACC71AFB9204008FA782 = {
			isa = PBXGroup;
			children = (
				607FACF51AFB993E008FA782 /* Podspec Metadata */,
				607FACD21AFB9204008FA782 /* Example for Scotty */,
				607FACE81AFB9204008FA782 /* Tests */,
				607FACD11AFB9204008FA782 /* Products */,
				7EBA2DA2AA495FE7D79D69B5 /* Pods */,
				1DA89A14EAB5EB9DEE167A4B /* Frameworks */,
			);
			sourceTree = "<group>";
		};
		607FACD11AFB9204008FA782 /* Products */ = {
			isa = PBXGroup;
			children = (
				607FACD01AFB9204008FA782 /* Scotty_Example.app */,
				607FACE51AFB9204008FA782 /* Scotty_Tests.xctest */,
			);
			name = Products;
			sourceTree = "<group>";
		};
		607FACD21AFB9204008FA782 /* Example for Scotty */ = {
			isa = PBXGroup;
			children = (
				0EF354E11F4C9EFE0072B868 /* AppDelegate.swift */,
				0EF355011F4C9FE80072B868 /* View Controllers */,
				0EF355001F4C9FE00072B868 /* Storyboards */,
				0EF355021F4C9FF90072B868 /* Routing */,
				607FACD31AFB9204008FA782 /* Supporting Files */,
			);
			name = "Example for Scotty";
			path = Scotty;
			sourceTree = "<group>";
		};
		607FACD31AFB9204008FA782 /* Supporting Files */ = {
			isa = PBXGroup;
			children = (
				0EF354F71F4C9F250072B868 /* Images.xcassets */,
				607FACD41AFB9204008FA782 /* Info.plist */,
			);
			name = "Supporting Files";
			sourceTree = "<group>";
		};
		607FACE81AFB9204008FA782 /* Tests */ = {
			isa = PBXGroup;
			children = (
				607FACEB1AFB9204008FA782 /* Tests.swift */,
				607FACE91AFB9204008FA782 /* Supporting Files */,
			);
			path = Tests;
			sourceTree = "<group>";
		};
		607FACE91AFB9204008FA782 /* Supporting Files */ = {
			isa = PBXGroup;
			children = (
				607FACEA1AFB9204008FA782 /* Info.plist */,
			);
			name = "Supporting Files";
			sourceTree = "<group>";
		};
		607FACF51AFB993E008FA782 /* Podspec Metadata */ = {
			isa = PBXGroup;
			children = (
				CE524E24527D90DF5C0202AC /* Scotty.podspec */,
				D0FDC77671587291B479E92A /* README.md */,
				7F4F3DA5B45D889F747B4D9E /* LICENSE */,
			);
			name = "Podspec Metadata";
			sourceTree = "<group>";
		};
		7EBA2DA2AA495FE7D79D69B5 /* Pods */ = {
			isa = PBXGroup;
			children = (
				A2D55D45A032F8BD0D9516A0 /* Pods-Scotty_Example.debug.xcconfig */,
				D879E64D288905215C015639 /* Pods-Scotty_Example.release.xcconfig */,
				C6FBE995C4F3326C21A1BCF6 /* Pods-Scotty_Tests.debug.xcconfig */,
				C565358D5CEBAFFD91AA9A52 /* Pods-Scotty_Tests.release.xcconfig */,
			);
			name = Pods;
			sourceTree = "<group>";
		};
/* End PBXGroup section */

/* Begin PBXNativeTarget section */
		607FACCF1AFB9204008FA782 /* Scotty_Example */ = {
			isa = PBXNativeTarget;
			buildConfigurationList = 607FACEF1AFB9204008FA782 /* Build configuration list for PBXNativeTarget "Scotty_Example" */;
			buildPhases = (
				C052F43C2A858EAD0930AB3E /* [CP] Check Pods Manifest.lock */,
				607FACCC1AFB9204008FA782 /* Sources */,
				607FACCD1AFB9204008FA782 /* Frameworks */,
				607FACCE1AFB9204008FA782 /* Resources */,
				25ACE44E6D1853336AFFA3E8 /* [CP] Embed Pods Frameworks */,
				E698496A37F770C67C736BD9 /* [CP] Copy Pods Resources */,
			);
			buildRules = (
			);
			dependencies = (
			);
			name = Scotty_Example;
			productName = Scotty;
			productReference = 607FACD01AFB9204008FA782 /* Scotty_Example.app */;
			productType = "com.apple.product-type.application";
		};
		607FACE41AFB9204008FA782 /* Scotty_Tests */ = {
			isa = PBXNativeTarget;
			buildConfigurationList = 607FACF21AFB9204008FA782 /* Build configuration list for PBXNativeTarget "Scotty_Tests" */;
			buildPhases = (
				C31D99B046343DD314F63C9B /* [CP] Check Pods Manifest.lock */,
				607FACE11AFB9204008FA782 /* Sources */,
				607FACE21AFB9204008FA782 /* Frameworks */,
				607FACE31AFB9204008FA782 /* Resources */,
				13453A84B06A52D6C7187321 /* [CP] Embed Pods Frameworks */,
				ABD213E86F53E5CD5A615B54 /* [CP] Copy Pods Resources */,
			);
			buildRules = (
			);
			dependencies = (
				607FACE71AFB9204008FA782 /* PBXTargetDependency */,
			);
			name = Scotty_Tests;
			productName = Tests;
			productReference = 607FACE51AFB9204008FA782 /* Scotty_Tests.xctest */;
			productType = "com.apple.product-type.bundle.unit-test";
		};
/* End PBXNativeTarget section */

/* Begin PBXProject section */
		607FACC81AFB9204008FA782 /* Project object */ = {
			isa = PBXProject;
			attributes = {
				LastSwiftUpdateCheck = 0720;
				LastUpgradeCheck = 0820;
				ORGANIZATIONNAME = CocoaPods;
				TargetAttributes = {
					607FACCF1AFB9204008FA782 = {
						CreatedOnToolsVersion = 6.3.1;
						LastSwiftMigration = 0830;
					};
					607FACE41AFB9204008FA782 = {
						CreatedOnToolsVersion = 6.3.1;
						LastSwiftMigration = 0820;
						TestTargetID = 607FACCF1AFB9204008FA782;
					};
				};
			};
			buildConfigurationList = 607FACCB1AFB9204008FA782 /* Build configuration list for PBXProject "Scotty" */;
			compatibilityVersion = "Xcode 3.2";
			developmentRegion = English;
			hasScannedForEncodings = 0;
			knownRegions = (
				en,
				Base,
			);
			mainGroup = 607FACC71AFB9204008FA782;
			productRefGroup = 607FACD11AFB9204008FA782 /* Products */;
			projectDirPath = "";
			projectRoot = "";
			targets = (
				607FACCF1AFB9204008FA782 /* Scotty_Example */,
				607FACE41AFB9204008FA782 /* Scotty_Tests */,
			);
		};
/* End PBXProject section */

/* Begin PBXResourcesBuildPhase section */
		607FACCE1AFB9204008FA782 /* Resources */ = {
			isa = PBXResourcesBuildPhase;
			buildActionMask = 2147483647;
			files = (
				0EF354EA1F4C9F0F0072B868 /* Main.storyboard in Resources */,
				0EF354FF1F4C9FD20072B868 /* LaunchScreen.xib in Resources */,
				0EF354F81F4C9F250072B868 /* Images.xcassets in Resources */,
			);
			runOnlyForDeploymentPostprocessing = 0;
		};
		607FACE31AFB9204008FA782 /* Resources */ = {
			isa = PBXResourcesBuildPhase;
			buildActionMask = 2147483647;
			files = (
			);
			runOnlyForDeploymentPostprocessing = 0;
		};
/* End PBXResourcesBuildPhase section */

/* Begin PBXShellScriptBuildPhase section */
		13453A84B06A52D6C7187321 /* [CP] Embed Pods Frameworks */ = {
			isa = PBXShellScriptBuildPhase;
			buildActionMask = 2147483647;
			files = (
			);
			inputPaths = (
			);
			name = "[CP] Embed Pods Frameworks";
			outputPaths = (
			);
			runOnlyForDeploymentPostprocessing = 0;
			shellPath = /bin/sh;
			shellScript = "\"${SRCROOT}/Pods/Target Support Files/Pods-Scotty_Tests/Pods-Scotty_Tests-frameworks.sh\"\n";
			showEnvVarsInLog = 0;
		};
		25ACE44E6D1853336AFFA3E8 /* [CP] Embed Pods Frameworks */ = {
			isa = PBXShellScriptBuildPhase;
			buildActionMask = 2147483647;
			files = (
			);
			inputPaths = (
				"${SRCROOT}/Pods/Target Support Files/Pods-Scotty_Example/Pods-Scotty_Example-frameworks.sh",
				"${BUILT_PRODUCTS_DIR}/Scotty/Scotty.framework",
			);
			name = "[CP] Embed Pods Frameworks";
			outputPaths = (
				"${TARGET_BUILD_DIR}/${FRAMEWORKS_FOLDER_PATH}/Scotty.framework",
			);
			runOnlyForDeploymentPostprocessing = 0;
			shellPath = /bin/sh;
			shellScript = "\"${SRCROOT}/Pods/Target Support Files/Pods-Scotty_Example/Pods-Scotty_Example-frameworks.sh\"\n";
			showEnvVarsInLog = 0;
		};
		ABD213E86F53E5CD5A615B54 /* [CP] Copy Pods Resources */ = {
			isa = PBXShellScriptBuildPhase;
			buildActionMask = 2147483647;
			files = (
			);
			inputPaths = (
			);
			name = "[CP] Copy Pods Resources";
			outputPaths = (
			);
			runOnlyForDeploymentPostprocessing = 0;
			shellPath = /bin/sh;
			shellScript = "\"${SRCROOT}/Pods/Target Support Files/Pods-Scotty_Tests/Pods-Scotty_Tests-resources.sh\"\n";
			showEnvVarsInLog = 0;
		};
		C052F43C2A858EAD0930AB3E /* [CP] Check Pods Manifest.lock */ = {
			isa = PBXShellScriptBuildPhase;
			buildActionMask = 2147483647;
			files = (
			);
			inputPaths = (
				"${PODS_PODFILE_DIR_PATH}/Podfile.lock",
				"${PODS_ROOT}/Manifest.lock",
			);
			name = "[CP] Check Pods Manifest.lock";
			outputPaths = (
				"$(DERIVED_FILE_DIR)/Pods-Scotty_Example-checkManifestLockResult.txt",
			);
			runOnlyForDeploymentPostprocessing = 0;
			shellPath = /bin/sh;
			shellScript = "diff \"${PODS_PODFILE_DIR_PATH}/Podfile.lock\" \"${PODS_ROOT}/Manifest.lock\" > /dev/null\nif [ $? != 0 ] ; then\n    # print error to STDERR\n    echo \"error: The sandbox is not in sync with the Podfile.lock. Run 'pod install' or update your CocoaPods installation.\" >&2\n    exit 1\nfi\n# This output is used by Xcode 'outputs' to avoid re-running this script phase.\necho \"SUCCESS\" > \"${SCRIPT_OUTPUT_FILE_0}\"\n";
			showEnvVarsInLog = 0;
		};
		C31D99B046343DD314F63C9B /* [CP] Check Pods Manifest.lock */ = {
			isa = PBXShellScriptBuildPhase;
			buildActionMask = 2147483647;
			files = (
			);
			inputPaths = (
				"${PODS_PODFILE_DIR_PATH}/Podfile.lock",
				"${PODS_ROOT}/Manifest.lock",
			);
			name = "[CP] Check Pods Manifest.lock";
			outputPaths = (
				"$(DERIVED_FILE_DIR)/Pods-Scotty_Tests-checkManifestLockResult.txt",
			);
			runOnlyForDeploymentPostprocessing = 0;
			shellPath = /bin/sh;
			shellScript = "diff \"${PODS_PODFILE_DIR_PATH}/Podfile.lock\" \"${PODS_ROOT}/Manifest.lock\" > /dev/null\nif [ $? != 0 ] ; then\n    # print error to STDERR\n    echo \"error: The sandbox is not in sync with the Podfile.lock. Run 'pod install' or update your CocoaPods installation.\" >&2\n    exit 1\nfi\n# This output is used by Xcode 'outputs' to avoid re-running this script phase.\necho \"SUCCESS\" > \"${SCRIPT_OUTPUT_FILE_0}\"\n";
			showEnvVarsInLog = 0;
		};
		E698496A37F770C67C736BD9 /* [CP] Copy Pods Resources */ = {
			isa = PBXShellScriptBuildPhase;
			buildActionMask = 2147483647;
			files = (
			);
			inputPaths = (
			);
			name = "[CP] Copy Pods Resources";
			outputPaths = (
			);
			runOnlyForDeploymentPostprocessing = 0;
			shellPath = /bin/sh;
			shellScript = "\"${SRCROOT}/Pods/Target Support Files/Pods-Scotty_Example/Pods-Scotty_Example-resources.sh\"\n";
			showEnvVarsInLog = 0;
		};
/* End PBXShellScriptBuildPhase section */

/* Begin PBXSourcesBuildPhase section */
		607FACCC1AFB9204008FA782 /* Sources */ = {
			isa = PBXSourcesBuildPhase;
			buildActionMask = 2147483647;
			files = (
				0EF354F61F4C9F170072B868 /* ViewController.swift in Sources */,
				0EF354F41F4C9F170072B868 /* UNNotificationResponse+RouteConvertible.swift in Sources */,
				0EF354E91F4C9F0F0072B868 /* LastViewController.swift in Sources */,
				0EF354EE1F4C9F0F0072B868 /* RouteController+App.swift in Sources */,
				0EF354EC1F4C9F0F0072B868 /* OtherViewController.swift in Sources */,
				0EF354EB1F4C9F0F0072B868 /* NSUserActivity+RouteConvertible.swift in Sources */,
				0EF354ED1F4C9F0F0072B868 /* Routable+App.swift in Sources */,
				0EF354F31F4C9F170072B868 /* UIApplicationShortcutItem+RouteConvertible.swift in Sources */,
				0EF354E21F4C9EFE0072B868 /* AppDelegate.swift in Sources */,
				0EF354F51F4C9F170072B868 /* URL+RouteConvertible.swift in Sources */,
			);
			runOnlyForDeploymentPostprocessing = 0;
		};
		607FACE11AFB9204008FA782 /* Sources */ = {
			isa = PBXSourcesBuildPhase;
			buildActionMask = 2147483647;
			files = (
				607FACEC1AFB9204008FA782 /* Tests.swift in Sources */,
			);
			runOnlyForDeploymentPostprocessing = 0;
		};
/* End PBXSourcesBuildPhase section */

/* Begin PBXTargetDependency section */
		607FACE71AFB9204008FA782 /* PBXTargetDependency */ = {
			isa = PBXTargetDependency;
			target = 607FACCF1AFB9204008FA782 /* Scotty_Example */;
			targetProxy = 607FACE61AFB9204008FA782 /* PBXContainerItemProxy */;
		};
/* End PBXTargetDependency section */

/* Begin XCBuildConfiguration section */
		607FACED1AFB9204008FA782 /* Debug */ = {
			isa = XCBuildConfiguration;
			buildSettings = {
				ALWAYS_SEARCH_USER_PATHS = NO;
				CLANG_CXX_LANGUAGE_STANDARD = "gnu++0x";
				CLANG_CXX_LIBRARY = "libc++";
				CLANG_ENABLE_MODULES = YES;
				CLANG_ENABLE_OBJC_ARC = YES;
				CLANG_WARN_BOOL_CONVERSION = YES;
				CLANG_WARN_CONSTANT_CONVERSION = YES;
				CLANG_WARN_DIRECT_OBJC_ISA_USAGE = YES_ERROR;
				CLANG_WARN_EMPTY_BODY = YES;
				CLANG_WARN_ENUM_CONVERSION = YES;
				CLANG_WARN_INFINITE_RECURSION = YES;
				CLANG_WARN_INT_CONVERSION = YES;
				CLANG_WARN_OBJC_ROOT_CLASS = YES_ERROR;
				CLANG_WARN_SUSPICIOUS_MOVE = YES;
				CLANG_WARN_UNREACHABLE_CODE = YES;
				CLANG_WARN__DUPLICATE_METHOD_MATCH = YES;
				"CODE_SIGN_IDENTITY[sdk=iphoneos*]" = "iPhone Developer";
				COPY_PHASE_STRIP = NO;
				DEBUG_INFORMATION_FORMAT = "dwarf-with-dsym";
				ENABLE_STRICT_OBJC_MSGSEND = YES;
				ENABLE_TESTABILITY = YES;
				GCC_C_LANGUAGE_STANDARD = gnu99;
				GCC_DYNAMIC_NO_PIC = NO;
				GCC_NO_COMMON_BLOCKS = YES;
				GCC_OPTIMIZATION_LEVEL = 0;
				GCC_PREPROCESSOR_DEFINITIONS = (
					"DEBUG=1",
					"$(inherited)",
				);
				GCC_SYMBOLS_PRIVATE_EXTERN = NO;
				GCC_WARN_64_TO_32_BIT_CONVERSION = YES;
				GCC_WARN_ABOUT_RETURN_TYPE = YES_ERROR;
				GCC_WARN_UNDECLARED_SELECTOR = YES;
				GCC_WARN_UNINITIALIZED_AUTOS = YES_AGGRESSIVE;
				GCC_WARN_UNUSED_FUNCTION = YES;
				GCC_WARN_UNUSED_VARIABLE = YES;
				IPHONEOS_DEPLOYMENT_TARGET = 8.3;
				MTL_ENABLE_DEBUG_INFO = YES;
				ONLY_ACTIVE_ARCH = YES;
				SDKROOT = iphoneos;
				SWIFT_OPTIMIZATION_LEVEL = "-Onone";
			};
			name = Debug;
		};
		607FACEE1AFB9204008FA782 /* Release */ = {
			isa = XCBuildConfiguration;
			buildSettings = {
				ALWAYS_SEARCH_USER_PATHS = NO;
				CLANG_CXX_LANGUAGE_STANDARD = "gnu++0x";
				CLANG_CXX_LIBRARY = "libc++";
				CLANG_ENABLE_MODULES = YES;
				CLANG_ENABLE_OBJC_ARC = YES;
				CLANG_WARN_BOOL_CONVERSION = YES;
				CLANG_WARN_CONSTANT_CONVERSION = YES;
				CLANG_WARN_DIRECT_OBJC_ISA_USAGE = YES_ERROR;
				CLANG_WARN_EMPTY_BODY = YES;
				CLANG_WARN_ENUM_CONVERSION = YES;
				CLANG_WARN_INFINITE_RECURSION = YES;
				CLANG_WARN_INT_CONVERSION = YES;
				CLANG_WARN_OBJC_ROOT_CLASS = YES_ERROR;
				CLANG_WARN_SUSPICIOUS_MOVE = YES;
				CLANG_WARN_UNREACHABLE_CODE = YES;
				CLANG_WARN__DUPLICATE_METHOD_MATCH = YES;
				"CODE_SIGN_IDENTITY[sdk=iphoneos*]" = "iPhone Developer";
				COPY_PHASE_STRIP = NO;
				DEBUG_INFORMATION_FORMAT = "dwarf-with-dsym";
				ENABLE_NS_ASSERTIONS = NO;
				ENABLE_STRICT_OBJC_MSGSEND = YES;
				GCC_C_LANGUAGE_STANDARD = gnu99;
				GCC_NO_COMMON_BLOCKS = YES;
				GCC_WARN_64_TO_32_BIT_CONVERSION = YES;
				GCC_WARN_ABOUT_RETURN_TYPE = YES_ERROR;
				GCC_WARN_UNDECLARED_SELECTOR = YES;
				GCC_WARN_UNINITIALIZED_AUTOS = YES_AGGRESSIVE;
				GCC_WARN_UNUSED_FUNCTION = YES;
				GCC_WARN_UNUSED_VARIABLE = YES;
				IPHONEOS_DEPLOYMENT_TARGET = 8.3;
				MTL_ENABLE_DEBUG_INFO = NO;
				SDKROOT = iphoneos;
				SWIFT_OPTIMIZATION_LEVEL = "-Owholemodule";
				VALIDATE_PRODUCT = YES;
			};
			name = Release;
		};
		607FACF01AFB9204008FA782 /* Debug */ = {
			isa = XCBuildConfiguration;
			baseConfigurationReference = A2D55D45A032F8BD0D9516A0 /* Pods-Scotty_Example.debug.xcconfig */;
			buildSettings = {
				ASSETCATALOG_COMPILER_APPICON_NAME = AppIcon;
				CLANG_ENABLE_MODULES = YES;
				INFOPLIST_FILE = Scotty/Info.plist;
				IPHONEOS_DEPLOYMENT_TARGET = 9.0;
				LD_RUNPATH_SEARCH_PATHS = "$(inherited) @executable_path/Frameworks";
				MODULE_NAME = ExampleApp;
				PRODUCT_BUNDLE_IDENTIFIER = "org.cocoapods.demo.$(PRODUCT_NAME:rfc1034identifier)";
				PRODUCT_NAME = "$(TARGET_NAME)";
				SWIFT_OPTIMIZATION_LEVEL = "-Onone";
				SWIFT_VERSION = 3.0;
			};
			name = Debug;
		};
		607FACF11AFB9204008FA782 /* Release */ = {
			isa = XCBuildConfiguration;
			baseConfigurationReference = D879E64D288905215C015639 /* Pods-Scotty_Example.release.xcconfig */;
			buildSettings = {
				ASSETCATALOG_COMPILER_APPICON_NAME = AppIcon;
				CLANG_ENABLE_MODULES = YES;
				INFOPLIST_FILE = Scotty/Info.plist;
				IPHONEOS_DEPLOYMENT_TARGET = 9.0;
				LD_RUNPATH_SEARCH_PATHS = "$(inherited) @executable_path/Frameworks";
				MODULE_NAME = ExampleApp;
				PRODUCT_BUNDLE_IDENTIFIER = "org.cocoapods.demo.$(PRODUCT_NAME:rfc1034identifier)";
				PRODUCT_NAME = "$(TARGET_NAME)";
				SWIFT_VERSION = 3.0;
			};
			name = Release;
		};
		607FACF31AFB9204008FA782 /* Debug */ = {
			isa = XCBuildConfiguration;
			baseConfigurationReference = C6FBE995C4F3326C21A1BCF6 /* Pods-Scotty_Tests.debug.xcconfig */;
			buildSettings = {
				ALWAYS_EMBED_SWIFT_STANDARD_LIBRARIES = YES;
				FRAMEWORK_SEARCH_PATHS = (
					"$(SDKROOT)/Developer/Library/Frameworks",
					"$(inherited)",
				);
				GCC_PREPROCESSOR_DEFINITIONS = (
					"DEBUG=1",
					"$(inherited)",
				);
				INFOPLIST_FILE = Tests/Info.plist;
				LD_RUNPATH_SEARCH_PATHS = "$(inherited) @executable_path/Frameworks @loader_path/Frameworks";
				PRODUCT_BUNDLE_IDENTIFIER = "org.cocoapods.$(PRODUCT_NAME:rfc1034identifier)";
				PRODUCT_NAME = "$(TARGET_NAME)";
				SWIFT_VERSION = 3.0;
			};
			name = Debug;
		};
		607FACF41AFB9204008FA782 /* Release */ = {
			isa = XCBuildConfiguration;
			baseConfigurationReference = C565358D5CEBAFFD91AA9A52 /* Pods-Scotty_Tests.release.xcconfig */;
			buildSettings = {
				ALWAYS_EMBED_SWIFT_STANDARD_LIBRARIES = YES;
				FRAMEWORK_SEARCH_PATHS = (
					"$(SDKROOT)/Developer/Library/Frameworks",
					"$(inherited)",
				);
				INFOPLIST_FILE = Tests/Info.plist;
				LD_RUNPATH_SEARCH_PATHS = "$(inherited) @executable_path/Frameworks @loader_path/Frameworks";
				PRODUCT_BUNDLE_IDENTIFIER = "org.cocoapods.$(PRODUCT_NAME:rfc1034identifier)";
				PRODUCT_NAME = "$(TARGET_NAME)";
				SWIFT_VERSION = 3.0;
			};
			name = Release;
		};
/* End XCBuildConfiguration section */

/* Begin XCConfigurationList section */
		607FACCB1AFB9204008FA782 /* Build configuration list for PBXProject "Scotty" */ = {
			isa = XCConfigurationList;
			buildConfigurations = (
				607FACED1AFB9204008FA782 /* Debug */,
				607FACEE1AFB9204008FA782 /* Release */,
			);
			defaultConfigurationIsVisible = 0;
			defaultConfigurationName = Release;
		};
		607FACEF1AFB9204008FA782 /* Build configuration list for PBXNativeTarget "Scotty_Example" */ = {
			isa = XCConfigurationList;
			buildConfigurations = (
				607FACF01AFB9204008FA782 /* Debug */,
				607FACF11AFB9204008FA782 /* Release */,
			);
			defaultConfigurationIsVisible = 0;
			defaultConfigurationName = Release;
		};
		607FACF21AFB9204008FA782 /* Build configuration list for PBXNativeTarget "Scotty_Tests" */ = {
			isa = XCConfigurationList;
			buildConfigurations = (
				607FACF31AFB9204008FA782 /* Debug */,
				607FACF41AFB9204008FA782 /* Release */,
			);
			defaultConfigurationIsVisible = 0;
			defaultConfigurationName = Release;
		};
/* End XCConfigurationList section */
	};
	rootObject = 607FACC81AFB9204008FA782 /* Project object */;
}
